
Microsoft Visual Studio Solution File, Format Version 12.00
# Visual Studio 14
VisualStudioVersion = 14.0.25420.1
MinimumVisualStudioVersion = 10.0.40219.1
Project("{FAE04EC0-301F-11D3-BF4B-00C04F79EFBC}") = "TaskBlog.BusinessLogicLayer", "TaskBlog.BusinessLogicLayer\TaskBlog.BusinessLogicLayer.csproj", "{95D0B936-238F-4F4D-B85B-A9694418BD8A}"
EndProject
Project("{FAE04EC0-301F-11D3-BF4B-00C04F79EFBC}") = "TaskBlog.DataLayer", "TaskBlog.DataLayer\TaskBlog.DataLayer.csproj", "{BAFC578D-5637-4983-976B-014D48C27B7C}"
EndProject
Project("{FAE04EC0-301F-11D3-BF4B-00C04F79EFBC}") = "TaskBlog.PresentationLayer", "TaskBlog.PresentationLayer\TaskBlog.PresentationLayer.csproj", "{2EBCFE7A-C388-448F-B385-2FA589F03E9C}"
EndProject
Global
	GlobalSection(SolutionConfigurationPlatforms) = preSolution
		Debug|Any CPU = Debug|Any CPU
		Release|Any CPU = Release|Any CPU
	EndGlobalSection
	GlobalSection(ProjectConfigurationPlatforms) = postSolution
		{95D0B936-238F-4F4D-B85B-A9694418BD8A}.Debug|Any CPU.ActiveCfg = Debug|Any CPU
		{95D0B936-238F-4F4D-B85B-A9694418BD8A}.Debug|Any CPU.Build.0 = Debug|Any CPU
		{95D0B936-238F-4F4D-B85B-A9694418BD8A}.Release|Any CPU.ActiveCfg = Release|Any CPU
		{95D0B936-238F-4F4D-B85B-A9694418BD8A}.Release|Any CPU.Build.0 = Release|Any CPU
		{BAFC578D-5637-4983-976B-014D48C27B7C}.Debug|Any CPU.ActiveCfg = Debug|Any CPU
		{BAFC578D-5637-4983-976B-014D48C27B7C}.Debug|Any CPU.Build.0 = Debug|Any CPU
		{BAFC578D-5637-4983-976B-014D48C27B7C}.Release|Any CPU.ActiveCfg = Release|Any CPU
		{BAFC578D-5637-4983-976B-014D48C27B7C}.Release|Any CPU.Build.0 = Release|Any CPU
		{2EBCFE7A-C388-448F-B385-2FA589F03E9C}.Debug|Any CPU.ActiveCfg = Debug|Any CPU
		{2EBCFE7A-C388-448F-B385-2FA589F03E9C}.Debug|Any CPU.Build.0 = Debug|Any CPU
		{2EBCFE7A-C388-448F-B385-2FA589F03E9C}.Release|Any CPU.ActiveCfg = Release|Any CPU
		{2EBCFE7A-C388-448F-B385-2FA589F03E9C}.Release|Any CPU.Build.0 = Release|Any CPU
	EndGlobalSection
	GlobalSection(SolutionProperties) = preSolution
		HideSolutionNode = FALSE
	EndGlobalSection
EndGlobal
